
Microsoft Visual Studio Solution File, Format Version 12.00
# Visual Studio Version 17
VisualStudioVersion = 17.0.31903.59
MinimumVisualStudioVersion = 10.0.40219.1
Project("{FAE04EC0-301F-11D3-BF4B-00C04F79EFBC}") = "Api", "Api\Api.csproj", "{FB8E7701-C7A2-4B63-961F-204B7097F2F5}"
EndProject
Project("{FAE04EC0-301F-11D3-BF4B-00C04F79EFBC}") = "Domain", "Domain\Domain.csproj", "{423ADF60-DE54-4DFB-A886-55A9DBA05C76}"
EndProject
Project("{FAE04EC0-301F-11D3-BF4B-00C04F79EFBC}") = "Application", "Application\Application.csproj", "{F719403F-E668-4C53-9A50-0C33561F62DE}"
EndProject
Project("{FAE04EC0-301F-11D3-BF4B-00C04F79EFBC}") = "Persistence", "Persistence\Persistence.csproj", "{C7918C0A-6531-46BF-8BC0-35C9F242D5A7}"
EndProject
Global
	GlobalSection(SolutionConfigurationPlatforms) = preSolution
		Debug|Any CPU = Debug|Any CPU
		Release|Any CPU = Release|Any CPU
	EndGlobalSection
	GlobalSection(SolutionProperties) = preSolution
		HideSolutionNode = FALSE
	EndGlobalSection
	GlobalSection(ProjectConfigurationPlatforms) = postSolution
		{FB8E7701-C7A2-4B63-961F-204B7097F2F5}.Debug|Any CPU.ActiveCfg = Debug|Any CPU
		{FB8E7701-C7A2-4B63-961F-204B7097F2F5}.Debug|Any CPU.Build.0 = Debug|Any CPU
		{FB8E7701-C7A2-4B63-961F-204B7097F2F5}.Release|Any CPU.ActiveCfg = Release|Any CPU
		{FB8E7701-C7A2-4B63-961F-204B7097F2F5}.Release|Any CPU.Build.0 = Release|Any CPU
		{423ADF60-DE54-4DFB-A886-55A9DBA05C76}.Debug|Any CPU.ActiveCfg = Debug|Any CPU
		{423ADF60-DE54-4DFB-A886-55A9DBA05C76}.Debug|Any CPU.Build.0 = Debug|Any CPU
		{423ADF60-DE54-4DFB-A886-55A9DBA05C76}.Release|Any CPU.ActiveCfg = Release|Any CPU
		{423ADF60-DE54-4DFB-A886-55A9DBA05C76}.Release|Any CPU.Build.0 = Release|Any CPU
		{F719403F-E668-4C53-9A50-0C33561F62DE}.Debug|Any CPU.ActiveCfg = Debug|Any CPU
		{F719403F-E668-4C53-9A50-0C33561F62DE}.Debug|Any CPU.Build.0 = Debug|Any CPU
		{F719403F-E668-4C53-9A50-0C33561F62DE}.Release|Any CPU.ActiveCfg = Release|Any CPU
		{F719403F-E668-4C53-9A50-0C33561F62DE}.Release|Any CPU.Build.0 = Release|Any CPU
		{C7918C0A-6531-46BF-8BC0-35C9F242D5A7}.Debug|Any CPU.ActiveCfg = Debug|Any CPU
		{C7918C0A-6531-46BF-8BC0-35C9F242D5A7}.Debug|Any CPU.Build.0 = Debug|Any CPU
		{C7918C0A-6531-46BF-8BC0-35C9F242D5A7}.Release|Any CPU.ActiveCfg = Release|Any CPU
		{C7918C0A-6531-46BF-8BC0-35C9F242D5A7}.Release|Any CPU.Build.0 = Release|Any CPU
	EndGlobalSection
EndGlobal
